{
  "version": 4,
  "terraform_version": "1.14.7",
  "serial": 41,
  "lineage": "a499b10e-5ecb-8ab1-fba7-0dfc5fcd7275",
  "outputs": {},
  "resources": [
    {
      "module": "module.pips",
      "mode": "managed",
      "type": "azurerm_public_ip",
      "name": "pip",
      "provider": "provider[\"registry.terraform.io/hashicorp/azurerm\"]",
      "instances": [
        {
          "index_key": "pip1",
          "schema_version": 0,
          "attributes": {
            "allocation_method": "Static",
            "ddos_protection_mode": "VirtualNetworkInherited",
            "ddos_protection_plan_id": null,
            "domain_name_label": "",
            "domain_name_label_scope": "",
            "edge_zone": "",
            "fqdn": "",
            "id": "/subscriptions/17aeb00e-3a2b-4252-a241-1b10c94e51f6/resourceGroups/ITC-ClassmateRG-01/providers/Microsoft.Network/publicIPAddresses/Frontend-pip",
            "idle_timeout_in_minutes": 4,
            "ip_address": "20.198.4.160",
            "ip_tags": {},
            "ip_version": "IPv4",
            "location": "centralindia",
            "name": "Frontend-pip",
            "public_ip_prefix_id": null,
            "resource_group_name": "ITC-ClassmateRG-01",
            "reverse_fqdn": "",
            "sku": "Standard",
            "sku_tier": "Regional",
            "tags": {},
            "timeouts": null,
            "zones": []
          },
          "sensitive_attributes": [],
          "identity_schema_version": 0,
          "identity": {
            "name": "Frontend-pip",
            "resource_group_name": "ITC-ClassmateRG-01",
            "subscription_id": "17aeb00e-3a2b-4252-a241-1b10c94e51f6"
          },
          "private": "eyJlMmJmYjczMC1lY2FhLTExZTYtOGY4OC0zNDM2M2JjN2M0YzAiOnsiY3JlYXRlIjoxODAwMDAwMDAwMDAwLCJkZWxldGUiOjE4MDAwMDAwMDAwMDAsInJlYWQiOjMwMDAwMDAwMDAwMCwidXBkYXRlIjoxODAwMDAwMDAwMDAwfX0=",
          "dependencies": [
            "module.resourcegroup.azurerm_resource_group.resource"
          ]
        },
        {
          "index_key": "pip2",
          "schema_version": 0,
          "attributes": {
            "allocation_method": "Static",
            "ddos_protection_mode": "VirtualNetworkInherited",
            "ddos_protection_plan_id": null,
            "domain_name_label": "",
            "domain_name_label_scope": "",
            "edge_zone": "",
            "fqdn": "",
            "id": "/subscriptions/17aeb00e-3a2b-4252-a241-1b10c94e51f6/resourceGroups/ITC-ClassmateRG-01/providers/Microsoft.Network/publicIPAddresses/Backend-pip",
            "idle_timeout_in_minutes": 4,
            "ip_address": "20.219.25.180",
            "ip_tags": {},
            "ip_version": "IPv4",
            "location": "centralindia",
            "name": "Backend-pip",
            "public_ip_prefix_id": null,
            "resource_group_name": "ITC-ClassmateRG-01",
            "reverse_fqdn": "",
            "sku": "Standard",
            "sku_tier": "Regional",
            "tags": {},
            "timeouts": null,
            "zones": []
          },
          "sensitive_attributes": [],
          "identity_schema_version": 0,
          "identity": {
            "name": "Backend-pip",
            "resource_group_name": "ITC-ClassmateRG-01",
            "subscription_id": "17aeb00e-3a2b-4252-a241-1b10c94e51f6"
          },
          "private": "eyJlMmJmYjczMC1lY2FhLTExZTYtOGY4OC0zNDM2M2JjN2M0YzAiOnsiY3JlYXRlIjoxODAwMDAwMDAwMDAwLCJkZWxldGUiOjE4MDAwMDAwMDAwMDAsInJlYWQiOjMwMDAwMDAwMDAwMCwidXBkYXRlIjoxODAwMDAwMDAwMDAwfX0=",
          "dependencies": [
            "module.resourcegroup.azurerm_resource_group.resource"
          ]
        }
      ]
    },
    {
      "module": "module.resourcegroup",
      "mode": "managed",
      "type": "azurerm_resource_group",
      "name": "resource",
      "provider": "provider[\"registry.terraform.io/hashicorp/azurerm\"]",
      "instances": [
        {
          "index_key": "rg1",
          "schema_version": 0,
          "attributes": {
            "id": "/subscriptions/17aeb00e-3a2b-4252-a241-1b10c94e51f6/resourceGroups/ITC-ClassmateRG-01",
            "location": "centralindia",
            "managed_by": "",
            "name": "ITC-ClassmateRG-01",
            "tags": {},
            "timeouts": null
          },
          "sensitive_attributes": [],
          "identity_schema_version": 0,
          "identity": {
            "name": "ITC-ClassmateRG-01",
            "subscription_id": "17aeb00e-3a2b-4252-a241-1b10c94e51f6"
          },
          "private": "eyJlMmJmYjczMC1lY2FhLTExZTYtOGY4OC0zNDM2M2JjN2M0YzAiOnsiY3JlYXRlIjo1NDAwMDAwMDAwMDAwLCJkZWxldGUiOjU0MDAwMDAwMDAwMDAsInJlYWQiOjMwMDAwMDAwMDAwMCwidXBkYXRlIjo1NDAwMDAwMDAwMDAwfX0="
        }
      ]
    }
  ],
  "check_results": null
}
